
Microsoft Visual Studio Solution File, Format Version 12.00
# Visual Studio Version 16
VisualStudioVersion = 16.0.30204.135
MinimumVisualStudioVersion = 10.0.40219.1
Project("{FAE04EC0-301F-11D3-BF4B-00C04F79EFBC}") = "Challenge 17", "Challenge 17\Challenge 17.csproj", "{2BF9BE49-86DA-493E-972A-61C3401B29EB}"
EndProject
Global
	GlobalSection(SolutionConfigurationPlatforms) = preSolution
		Debug|Any CPU = Debug|Any CPU
		Release|Any CPU = Release|Any CPU
	EndGlobalSection
	GlobalSection(ProjectConfigurationPlatforms) = postSolution
		{2BF9BE49-86DA-493E-972A-61C3401B29EB}.Debug|Any CPU.ActiveCfg = Debug|Any CPU
		{2BF9BE49-86DA-493E-972A-61C3401B29EB}.Debug|Any CPU.Build.0 = Debug|Any CPU
		{2BF9BE49-86DA-493E-972A-61C3401B29EB}.Release|Any CPU.ActiveCfg = Release|Any CPU
		{2BF9BE49-86DA-493E-972A-61C3401B29EB}.Release|Any CPU.Build.0 = Release|Any CPU
	EndGlobalSection
	GlobalSection(SolutionProperties) = preSolution
		HideSolutionNode = FALSE
	EndGlobalSection
	GlobalSection(ExtensibilityGlobals) = postSolution
		SolutionGuid = {536B79BF-BD0C-4DDC-A0F3-4F5E9650E3C9}
	EndGlobalSection
EndGlobal
