
Microsoft Visual Studio Solution File, Format Version 12.00
# Visual Studio 15
VisualStudioVersion = 15.0.28307.705
MinimumVisualStudioVersion = 10.0.40219.1
Project("{FAE04EC0-301F-11D3-BF4B-00C04F79EFBC}") = "Challenge 11", "Challenge 11\Challenge 11.csproj", "{37F1D00A-6D70-4148-BA8B-DB158F9278FD}"
EndProject
Global
	GlobalSection(SolutionConfigurationPlatforms) = preSolution
		Debug|Any CPU = Debug|Any CPU
		Release|Any CPU = Release|Any CPU
	EndGlobalSection
	GlobalSection(ProjectConfigurationPlatforms) = postSolution
		{37F1D00A-6D70-4148-BA8B-DB158F9278FD}.Debug|Any CPU.ActiveCfg = Debug|Any CPU
		{37F1D00A-6D70-4148-BA8B-DB158F9278FD}.Debug|Any CPU.Build.0 = Debug|Any CPU
		{37F1D00A-6D70-4148-BA8B-DB158F9278FD}.Release|Any CPU.ActiveCfg = Release|Any CPU
		{37F1D00A-6D70-4148-BA8B-DB158F9278FD}.Release|Any CPU.Build.0 = Release|Any CPU
	EndGlobalSection
	GlobalSection(SolutionProperties) = preSolution
		HideSolutionNode = FALSE
	EndGlobalSection
	GlobalSection(ExtensibilityGlobals) = postSolution
		SolutionGuid = {E80259A8-4460-4D10-B4B5-B97D7575BDD1}
	EndGlobalSection
EndGlobal
